
Microsoft Visual Studio Solution File, Format Version 12.00
# Visual Studio Version 17
VisualStudioVersion = 17.13.35806.99
MinimumVisualStudioVersion = 10.0.40219.1
Project("{FAE04EC0-301F-11D3-BF4B-00C04F79EFBC}") = "RobotControllerApi", "RobotControllerApi\RobotControllerApi.csproj", "{3C1CFF03-D415-4FD3-BAC3-90CCD7D155F4}"
EndProject
Project("{FAE04EC0-301F-11D3-BF4B-00C04F79EFBC}") = "RobotControllerApi.Core", "RobotControllerApi.Core\RobotControllerApi.Core.csproj", "{B04221E2-B12E-46F3-AB9F-B108504DC932}"
EndProject
Project("{FAE04EC0-301F-11D3-BF4B-00C04F79EFBC}") = "RobotControllerApi.Infrastructure", "RobotControllerApi.Infrastructure\RobotControllerApi.Infrastructure.csproj", "{31864F24-0333-46AA-843B-DD8399D3B9D0}"
EndProject
Project("{FAE04EC0-301F-11D3-BF4B-00C04F79EFBC}") = "RobotControllerApi.Test", "RobotControllerAssignment.Test\RobotControllerApi.Test.csproj", "{148EEB49-9E59-4EF7-BDCF-4E8CE4379E83}"
EndProject
Project("{FAE04EC0-301F-11D3-BF4B-00C04F79EFBC}") = "RobotControllerApi.Infrastructure.Test", "RobotControllerApi.Infrastructure.Test\RobotControllerApi.Infrastructure.Test.csproj", "{81D8C420-922E-4ED6-A64A-98B80B4244A5}"
EndProject
Project("{FAE04EC0-301F-11D3-BF4B-00C04F79EFBC}") = "RobotControllerApi.Core.Test", "RobotControllerApi.Core.Test\RobotControllerApi.Core.Test.csproj", "{0792C89C-3868-4A11-A81E-6DC06F7428AB}"
EndProject
Global
	GlobalSection(SolutionConfigurationPlatforms) = preSolution
		Debug|Any CPU = Debug|Any CPU
		Release|Any CPU = Release|Any CPU
	EndGlobalSection
	GlobalSection(ProjectConfigurationPlatforms) = postSolution
		{3C1CFF03-D415-4FD3-BAC3-90CCD7D155F4}.Debug|Any CPU.ActiveCfg = Debug|Any CPU
		{3C1CFF03-D415-4FD3-BAC3-90CCD7D155F4}.Debug|Any CPU.Build.0 = Debug|Any CPU
		{3C1CFF03-D415-4FD3-BAC3-90CCD7D155F4}.Release|Any CPU.ActiveCfg = Release|Any CPU
		{3C1CFF03-D415-4FD3-BAC3-90CCD7D155F4}.Release|Any CPU.Build.0 = Release|Any CPU
		{B04221E2-B12E-46F3-AB9F-B108504DC932}.Debug|Any CPU.ActiveCfg = Debug|Any CPU
		{B04221E2-B12E-46F3-AB9F-B108504DC932}.Debug|Any CPU.Build.0 = Debug|Any CPU
		{B04221E2-B12E-46F3-AB9F-B108504DC932}.Release|Any CPU.ActiveCfg = Release|Any CPU
		{B04221E2-B12E-46F3-AB9F-B108504DC932}.Release|Any CPU.Build.0 = Release|Any CPU
		{31864F24-0333-46AA-843B-DD8399D3B9D0}.Debug|Any CPU.ActiveCfg = Debug|Any CPU
		{31864F24-0333-46AA-843B-DD8399D3B9D0}.Debug|Any CPU.Build.0 = Debug|Any CPU
		{31864F24-0333-46AA-843B-DD8399D3B9D0}.Release|Any CPU.ActiveCfg = Release|Any CPU
		{31864F24-0333-46AA-843B-DD8399D3B9D0}.Release|Any CPU.Build.0 = Release|Any CPU
		{148EEB49-9E59-4EF7-BDCF-4E8CE4379E83}.Debug|Any CPU.ActiveCfg = Debug|Any CPU
		{148EEB49-9E59-4EF7-BDCF-4E8CE4379E83}.Debug|Any CPU.Build.0 = Debug|Any CPU
		{148EEB49-9E59-4EF7-BDCF-4E8CE4379E83}.Release|Any CPU.ActiveCfg = Release|Any CPU
		{148EEB49-9E59-4EF7-BDCF-4E8CE4379E83}.Release|Any CPU.Build.0 = Release|Any CPU
		{81D8C420-922E-4ED6-A64A-98B80B4244A5}.Debug|Any CPU.ActiveCfg = Debug|Any CPU
		{81D8C420-922E-4ED6-A64A-98B80B4244A5}.Debug|Any CPU.Build.0 = Debug|Any CPU
		{81D8C420-922E-4ED6-A64A-98B80B4244A5}.Release|Any CPU.ActiveCfg = Release|Any CPU
		{81D8C420-922E-4ED6-A64A-98B80B4244A5}.Release|Any CPU.Build.0 = Release|Any CPU
		{0792C89C-3868-4A11-A81E-6DC06F7428AB}.Debug|Any CPU.ActiveCfg = Debug|Any CPU
		{0792C89C-3868-4A11-A81E-6DC06F7428AB}.Debug|Any CPU.Build.0 = Debug|Any CPU
		{0792C89C-3868-4A11-A81E-6DC06F7428AB}.Release|Any CPU.ActiveCfg = Release|Any CPU
		{0792C89C-3868-4A11-A81E-6DC06F7428AB}.Release|Any CPU.Build.0 = Release|Any CPU
	EndGlobalSection
	GlobalSection(SolutionProperties) = preSolution
		HideSolutionNode = FALSE
	EndGlobalSection
	GlobalSection(ExtensibilityGlobals) = postSolution
		SolutionGuid = {2F6D0588-2960-462A-95E6-6C8029AA8ABF}
	EndGlobalSection
EndGlobal
